// !$*UTF8*$!
{
	archiveVersion = 1;
	classes = {
	};
	objectVersion = 50;
	objects = {

/* Begin PBXBuildFile section */
		8D42CC26234679D0001B9623 /* AppDelegate.swift in Sources */ = {isa = PBXBuildFile; fileRef = 8D42CC25234679D0001B9623 /* AppDelegate.swift */; };
		8D42CC28234679D0001B9623 /* SceneDelegate.swift in Sources */ = {isa = PBXBuildFile; fileRef = 8D42CC27234679D0001B9623 /* SceneDelegate.swift */; };
		8D42CC2A234679D0001B9623 /* ContentView.swift in Sources */ = {isa = PBXBuildFile; fileRef = 8D42CC29234679D0001B9623 /* ContentView.swift */; };
		8D42CC2C234679D2001B9623 /* Assets.xcassets in Resources */ = {isa = PBXBuildFile; fileRef = 8D42CC2B234679D2001B9623 /* Assets.xcassets */; };
		8D42CC2F234679D2001B9623 /* Preview Assets.xcassets in Resources */ = {isa = PBXBuildFile; fileRef = 8D42CC2E234679D2001B9623 /* Preview Assets.xcassets */; };
		8D42CC32234679D2001B9623 /* LaunchScreen.storyboard in Resources */ = {isa = PBXBuildFile; fileRef = 8D42CC30234679D2001B9623 /* LaunchScreen.storyboard */; };
		8D42CC3A23467DAC001B9623 /* Player.swift in Sources */ = {isa = PBXBuildFile; fileRef = 8D42CC3923467DAC001B9623 /* Player.swift */; };
		8D8E2DE423491D72000376C5 /* StatText.swift in Sources */ = {isa = PBXBuildFile; fileRef = 8D8E2DE323491D72000376C5 /* StatText.swift */; };
/* End PBXBuildFile section */

/* Begin PBXFileReference section */
		8D42CC22234679D0001B9623 /* NBA Players.app */ = {isa = PBXFileReference; explicitFileType = wrapper.application; includeInIndex = 0; path = "NBA Players.app"; sourceTree = BUILT_PRODUCTS_DIR; };
		8D42CC25234679D0001B9623 /* AppDelegate.swift */ = {isa = PBXFileReference; lastKnownFileType = sourcecode.swift; path = AppDelegate.swift; sourceTree = "<group>"; };
		8D42CC27234679D0001B9623 /* SceneDelegate.swift */ = {isa = PBXFileReference; lastKnownFileType = sourcecode.swift; path = SceneDelegate.swift; sourceTree = "<group>"; };
		8D42CC29234679D0001B9623 /* ContentView.swift */ = {isa = PBXFileReference; lastKnownFileType = sourcecode.swift; path = ContentView.swift; sourceTree = "<group>"; };
		8D42CC2B234679D2001B9623 /* Assets.xcassets */ = {isa = PBXFileReference; lastKnownFileType = folder.assetcatalog; path = Assets.xcassets; sourceTree = "<group>"; };
		8D42CC2E234679D2001B9623 /* Preview Assets.xcassets */ = {isa = PBXFileReference; lastKnownFileType = folder.assetcatalog; path = "Preview Assets.xcassets"; sourceTree = "<group>"; };
		8D42CC31234679D2001B9623 /* Base */ = {isa = PBXFileReference; lastKnownFileType = file.storyboard; name = Base; path = Base.lproj/LaunchScreen.storyboard; sourceTree = "<group>"; };
		8D42CC33234679D2001B9623 /* Info.plist */ = {isa = PBXFileReference; lastKnownFileType = text.plist.xml; path = Info.plist; sourceTree = "<group>"; };
		8D42CC3923467DAC001B9623 /* Player.swift */ = {isa = PBXFileReference; fileEncoding = 4; lastKnownFileType = sourcecode.swift; path = Player.swift; sourceTree = "<group>"; };
		8D8E2DE323491D72000376C5 /* StatText.swift */ = {isa = PBXFileReference; lastKnownFileType = sourcecode.swift; path = StatText.swift; sourceTree = "<group>"; };
/* End PBXFileReference section */

/* Begin PBXFrameworksBuildPhase section */
		8D42CC1F234679D0001B9623 /* Frameworks */ = {
			isa = PBXFrameworksBuildPhase;
			buildActionMask = 2147483647;
			files = (
			);
			runOnlyForDeploymentPostprocessing = 0;
		};
/* End PBXFrameworksBuildPhase section */

/* Begin PBXGroup section */
		8D42CC19234679D0001B9623 = {
			isa = PBXGroup;
			children = (
				8D42CC24234679D0001B9623 /* NBA Players */,
				8D42CC23234679D0001B9623 /* Products */,
			);
			sourceTree = "<group>";
		};
		8D42CC23234679D0001B9623 /* Products */ = {
			isa = PBXGroup;
			children = (
				8D42CC22234679D0001B9623 /* NBA Players.app */,
			);
			name = Products;
			sourceTree = "<group>";
		};
		8D42CC24234679D0001B9623 /* NBA Players */ = {
			isa = PBXGroup;
			children = (
				8D42CC25234679D0001B9623 /* AppDelegate.swift */,
				8D42CC27234679D0001B9623 /* SceneDelegate.swift */,
				8D42CC3923467DAC001B9623 /* Player.swift */,
				8D42CC29234679D0001B9623 /* ContentView.swift */,
				8D42CC2B234679D2001B9623 /* Assets.xcassets */,
				8D42CC30234679D2001B9623 /* LaunchScreen.storyboard */,
				8D42CC33234679D2001B9623 /* Info.plist */,
				8D42CC2D234679D2001B9623 /* Preview Content */,
				8D8E2DE323491D72000376C5 /* StatText.swift */,
			);
			path = "NBA Players";
			sourceTree = "<group>";
		};
		8D42CC2D234679D2001B9623 /* Preview Content */ = {
			isa = PBXGroup;
			children = (
				8D42CC2E234679D2001B9623 /* Preview Assets.xcassets */,
			);
			path = "Preview Content";
			sourceTree = "<group>";
		};
/* End PBXGroup section */

/* Begin PBXNativeTarget section */
		8D42CC21234679D0001B9623 /* NBA Players */ = {
			isa = PBXNativeTarget;
			buildConfigurationList = 8D42CC36234679D2001B9623 /* Build configuration list for PBXNativeTarget "NBA Players" */;
			buildPhases = (
				8D42CC1E234679D0001B9623 /* Sources */,
				8D42CC1F234679D0001B9623 /* Frameworks */,
				8D42CC20234679D0001B9623 /* Resources */,
			);
			buildRules = (
			);
			dependencies = (
			);
			name = "NBA Players";
			productName = "NBA Players";
			productReference = 8D42CC22234679D0001B9623 /* NBA Players.app */;
			productType = "com.apple.product-type.application";
		};
/* End PBXNativeTarget section */

/* Begin PBXProject section */
		8D42CC1A234679D0001B9623 /* Project object */ = {
			isa = PBXProject;
			attributes = {
				LastSwiftUpdateCheck = 1100;
				LastUpgradeCheck = 1100;
				ORGANIZATIONNAME = JFJ;
				TargetAttributes = {
					8D42CC21234679D0001B9623 = {
						CreatedOnToolsVersion = 11.0;
					};
				};
			};
			buildConfigurationList = 8D42CC1D234679D0001B9623 /* Build configuration list for PBXProject "NBA Players" */;
			compatibilityVersion = "Xcode 9.3";
			developmentRegion = en;
			hasScannedForEncodings = 0;
			knownRegions = (
				en,
				Base,
			);
			mainGroup = 8D42CC19234679D0001B9623;
			productRefGroup = 8D42CC23234679D0001B9623 /* Products */;
			projectDirPath = "";
			projectRoot = "";
			targets = (
				8D42CC21234679D0001B9623 /* NBA Players */,
			);
		};
/* End PBXProject section */

/* Begin PBXResourcesBuildPhase section */
		8D42CC20234679D0001B9623 /* Resources */ = {
			isa = PBXResourcesBuildPhase;
			buildActionMask = 2147483647;
			files = (
				8D42CC32234679D2001B9623 /* LaunchScreen.storyboard in Resources */,
				8D42CC2F234679D2001B9623 /* Preview Assets.xcassets in Resources */,
				8D42CC2C234679D2001B9623 /* Assets.xcassets in Resources */,
			);
			runOnlyForDeploymentPostprocessing = 0;
		};
/* End PBXResourcesBuildPhase section */

/* Begin PBXSourcesBuildPhase section */
		8D42CC1E234679D0001B9623 /* Sources */ = {
			isa = PBXSourcesBuildPhase;
			buildActionMask = 2147483647;
			files = (
				8D42CC3A23467DAC001B9623 /* Player.swift in Sources */,
				8D42CC26234679D0001B9623 /* AppDelegate.swift in Sources */,
				8D42CC28234679D0001B9623 /* SceneDelegate.swift in Sources */,
				8D42CC2A234679D0001B9623 /* ContentView.swift in Sources */,
				8D8E2DE423491D72000376C5 /* StatText.swift in Sources */,
			);
			runOnlyForDeploymentPostprocessing = 0;
		};
/* End PBXSourcesBuildPhase section */

/* Begin PBXVariantGroup section */
		8D42CC30234679D2001B9623 /* LaunchScreen.storyboard */ = {
			isa = PBXVariantGroup;
			children = (
				8D42CC31234679D2001B9623 /* Base */,
			);
			name = LaunchScreen.storyboard;
			sourceTree = "<group>";
		};
/* End PBXVariantGroup section */

/* Begin XCBuildConfiguration section */
		8D42CC34234679D2001B9623 /* Debug */ = {
			isa = XCBuildConfiguration;
			buildSettings = {
				ALWAYS_SEARCH_USER_PATHS = NO;
				CLANG_ANALYZER_NONNULL = YES;
				CLANG_ANALYZER_NUMBER_OBJECT_CONVERSION = YES_AGGRESSIVE;
				CLANG_CXX_LANGUAGE_STANDARD = "gnu++14";
				CLANG_CXX_LIBRARY = "libc++";
				CLANG_ENABLE_MODULES = YES;
				CLANG_ENABLE_OBJC_ARC = YES;
				CLANG_ENABLE_OBJC_WEAK = YES;
				CLANG_WARN_BLOCK_CAPTURE_AUTORELEASING = YES;
				CLANG_WARN_BOOL_CONVERSION = YES;
				CLANG_WARN_COMMA = YES;
				CLANG_WARN_CONSTANT_CONVERSION = YES;
				CLANG_WARN_DEPRECATED_OBJC_IMPLEMENTATIONS = YES;
				CLANG_WARN_DIRECT_OBJC_ISA_USAGE = YES_ERROR;
				CLANG_WARN_DOCUMENTATION_COMMENTS = YES;
				CLANG_WARN_EMPTY_BODY = YES;
				CLANG_WARN_ENUM_CONVERSION = YES;
				CLANG_WARN_INFINITE_RECURSION = YES;
				CLANG_WARN_INT_CONVERSION = YES;
				CLANG_WARN_NON_LITERAL_NULL_CONVERSION = YES;
				CLANG_WARN_OBJC_IMPLICIT_RETAIN_SELF = YES;
				CLANG_WARN_OBJC_LITERAL_CONVERSION = YES;
				CLANG_WARN_OBJC_ROOT_CLASS = YES_ERROR;
				CLANG_WARN_RANGE_LOOP_ANALYSIS = YES;
				CLANG_WARN_STRICT_PROTOTYPES = YES;
				CLANG_WARN_SUSPICIOUS_MOVE = YES;
				CLANG_WARN_UNGUARDED_AVAILABILITY = YES_AGGRESSIVE;
				CLANG_WARN_UNREACHABLE_CODE = YES;
				CLANG_WARN__DUPLICATE_METHOD_MATCH = YES;
				COPY_PHASE_STRIP = NO;
				DEBUG_INFORMATION_FORMAT = dwarf;
				ENABLE_STRICT_OBJC_MSGSEND = YES;
				ENABLE_TESTABILITY = YES;
				GCC_C_LANGUAGE_STANDARD = gnu11;
				GCC_DYNAMIC_NO_PIC = NO;
				GCC_NO_COMMON_BLOCKS = YES;
				GCC_OPTIMIZATION_LEVEL = 0;
				GCC_PREPROCESSOR_DEFINITIONS = (
					"DEBUG=1",
					"$(inherited)",
				);
				GCC_WARN_64_TO_32_BIT_CONVERSION = YES;
				GCC_WARN_ABOUT_RETURN_TYPE = YES_ERROR;
				GCC_WARN_UNDECLARED_SELECTOR = YES;
				GCC_WARN_UNINITIALIZED_AUTOS = YES_AGGRESSIVE;
				GCC_WARN_UNUSED_FUNCTION = YES;
				GCC_WARN_UNUSED_VARIABLE = YES;
				IPHONEOS_DEPLOYMENT_TARGET = 13.0;
				MTL_ENABLE_DEBUG_INFO = INCLUDE_SOURCE;
				MTL_FAST_MATH = YES;
				ONLY_ACTIVE_ARCH = YES;
				SDKROOT = iphoneos;
				SWIFT_ACTIVE_COMPILATION_CONDITIONS = DEBUG;
				SWIFT_OPTIMIZATION_LEVEL = "-Onone";
			};
			name = Debug;
		};
		8D42CC35234679D2001B9623 /* Release */ = {
			isa = XCBuildConfiguration;
			buildSettings = {
				ALWAYS_SEARCH_USER_PATHS = NO;
				CLANG_ANALYZER_NONNULL = YES;
				CLANG_ANALYZER_NUMBER_OBJECT_CONVERSION = YES_AGGRESSIVE;
				CLANG_CXX_LANGUAGE_STANDARD = "gnu++14";
				CLANG_CXX_LIBRARY = "libc++";
				CLANG_ENABLE_MODULES = YES;
				CLANG_ENABLE_OBJC_ARC = YES;
				CLANG_ENABLE_OBJC_WEAK = YES;
				CLANG_WARN_BLOCK_CAPTURE_AUTORELEASING = YES;
				CLANG_WARN_BOOL_CONVERSION = YES;
				CLANG_WARN_COMMA = YES;
				CLANG_WARN_CONSTANT_CONVERSION = YES;
				CLANG_WARN_DEPRECATED_OBJC_IMPLEMENTATIONS = YES;
				CLANG_WARN_DIRECT_OBJC_ISA_USAGE = YES_ERROR;
				CLANG_WARN_DOCUMENTATION_COMMENTS = YES;
				CLANG_WARN_EMPTY_BODY = YES;
				CLANG_WARN_ENUM_CONVERSION = YES;
				CLANG_WARN_INFINITE_RECURSION = YES;
				CLANG_WARN_INT_CONVERSION = YES;
				CLANG_WARN_NON_LITERAL_NULL_CONVERSION = YES;
				CLANG_WARN_OBJC_IMPLICIT_RETAIN_SELF = YES;
				CLANG_WARN_OBJC_LITERAL_CONVERSION = YES;
				CLANG_WARN_OBJC_ROOT_CLASS = YES_ERROR;
				CLANG_WARN_RANGE_LOOP_ANALYSIS = YES;
				CLANG_WARN_STRICT_PROTOTYPES = YES;
				CLANG_WARN_SUSPICIOUS_MOVE = YES;
				CLANG_WARN_UNGUARDED_AVAILABILITY = YES_AGGRESSIVE;
				CLANG_WARN_UNREACHABLE_CODE = YES;
				CLANG_WARN__DUPLICATE_METHOD_MATCH = YES;
				COPY_PHASE_STRIP = NO;
				DEBUG_INFORMATION_FORMAT = "dwarf-with-dsym";
				ENABLE_NS_ASSERTIONS = NO;
				ENABLE_STRICT_OBJC_MSGSEND = YES;
				GCC_C_LANGUAGE_STANDARD = gnu11;
				GCC_NO_COMMON_BLOCKS = YES;
				GCC_WARN_64_TO_32_BIT_CONVERSION = YES;
				GCC_WARN_ABOUT_RETURN_TYPE = YES_ERROR;
				GCC_WARN_UNDECLARED_SELECTOR = YES;
				GCC_WARN_UNINITIALIZED_AUTOS = YES_AGGRESSIVE;
				GCC_WARN_UNUSED_FUNCTION = YES;
				GCC_WARN_UNUSED_VARIABLE = YES;
				IPHONEOS_DEPLOYMENT_TARGET = 13.0;
				MTL_ENABLE_DEBUG_INFO = NO;
				MTL_FAST_MATH = YES;
				SDKROOT = iphoneos;
				SWIFT_COMPILATION_MODE = wholemodule;
				SWIFT_OPTIMIZATION_LEVEL = "-O";
				VALIDATE_PRODUCT = YES;
			};
			name = Release;
		};
		8D42CC37234679D2001B9623 /* Debug */ = {
			isa = XCBuildConfiguration;
			buildSettings = {
				ASSETCATALOG_COMPILER_APPICON_NAME = AppIcon;
				CODE_SIGN_STYLE = Automatic;
				DEVELOPMENT_ASSET_PATHS = "\"NBA Players/Preview Content\"";
				ENABLE_PREVIEWS = YES;
				INFOPLIST_FILE = "NBA Players/Info.plist";
				LD_RUNPATH_SEARCH_PATHS = (
					"$(inherited)",
					"@executable_path/Frameworks",
				);
				PRODUCT_BUNDLE_IDENTIFIER = "com.Waga.NBA-Players";
				PRODUCT_NAME = "$(TARGET_NAME)";
				SWIFT_VERSION = 5.0;
				TARGETED_DEVICE_FAMILY = "1,2";
			};
			name = Debug;
		};
		8D42CC38234679D2001B9623 /* Release */ = {
			isa = XCBuildConfiguration;
			buildSettings = {
				ASSETCATALOG_COMPILER_APPICON_NAME = AppIcon;
				CODE_SIGN_STYLE = Automatic;
				DEVELOPMENT_ASSET_PATHS = "\"NBA Players/Preview Content\"";
				ENABLE_PREVIEWS = YES;
				INFOPLIST_FILE = "NBA Players/Info.plist";
				LD_RUNPATH_SEARCH_PATHS = (
					"$(inherited)",
					"@executable_path/Frameworks",
				);
				PRODUCT_BUNDLE_IDENTIFIER = "com.Waga.NBA-Players";
				PRODUCT_NAME = "$(TARGET_NAME)";
				SWIFT_VERSION = 5.0;
				TARGETED_DEVICE_FAMILY = "1,2";
			};
			name = Release;
		};
/* End XCBuildConfiguration section */

/* Begin XCConfigurationList section */
		8D42CC1D234679D0001B9623 /* Build configuration list for PBXProject "NBA Players" */ = {
			isa = XCConfigurationList;
			buildConfigurations = (
				8D42CC34234679D2001B9623 /* Debug */,
				8D42CC35234679D2001B9623 /* Release */,
			);
			defaultConfigurationIsVisible = 0;
			defaultConfigurationName = Release;
		};
		8D42CC36234679D2001B9623 /* Build configuration list for PBXNativeTarget "NBA Players" */ = {
			isa = XCConfigurationList;
			buildConfigurations = (
				8D42CC37234679D2001B9623 /* Debug */,
				8D42CC38234679D2001B9623 /* Release */,
			);
			defaultConfigurationIsVisible = 0;
			defaultConfigurationName = Release;
		};
/* End XCConfigurationList section */
	};
	rootObject = 8D42CC1A234679D0001B9623 /* Project object */;
}
